
Microsoft Visual Studio Solution File, Format Version 12.00
# Visual Studio 15
VisualStudioVersion = 15.0.28307.438
MinimumVisualStudioVersion = 10.0.40219.1
Project("{8BC9CEB8-8B4A-11D0-8D11-00A0C91BC942}") = "MixMatrix", "MixMatrix\MixMatrix.vcxproj", "{DF00FD4A-D0E7-442C-8327-A6C6048A3507}"
EndProject
Global
	GlobalSection(SolutionConfigurationPlatforms) = preSolution
		Debug|x64 = Debug|x64
		Debug|x86 = Debug|x86
		Release|x64 = Release|x64
		Release|x86 = Release|x86
	EndGlobalSection
	GlobalSection(ProjectConfigurationPlatforms) = postSolution
		{DF00FD4A-D0E7-442C-8327-A6C6048A3507}.Debug|x64.ActiveCfg = Debug|x64
		{DF00FD4A-D0E7-442C-8327-A6C6048A3507}.Debug|x64.Build.0 = Debug|x64
		{DF00FD4A-D0E7-442C-8327-A6C6048A3507}.Debug|x86.ActiveCfg = Debug|Win32
		{DF00FD4A-D0E7-442C-8327-A6C6048A3507}.Debug|x86.Build.0 = Debug|Win32
		{DF00FD4A-D0E7-442C-8327-A6C6048A3507}.Release|x64.ActiveCfg = Release|x64
		{DF00FD4A-D0E7-442C-8327-A6C6048A3507}.Release|x64.Build.0 = Release|x64
		{DF00FD4A-D0E7-442C-8327-A6C6048A3507}.Release|x86.ActiveCfg = Release|Win32
		{DF00FD4A-D0E7-442C-8327-A6C6048A3507}.Release|x86.Build.0 = Release|Win32
	EndGlobalSection
	GlobalSection(SolutionProperties) = preSolution
		HideSolutionNode = FALSE
	EndGlobalSection
	GlobalSection(ExtensibilityGlobals) = postSolution
		SolutionGuid = {95532D76-D424-4B91-A213-2E4FCD5EE528}
	EndGlobalSection
EndGlobal
